
Microsoft Visual Studio Solution File, Format Version 12.00
# Visual Studio Version 16
VisualStudioVersion = 16.0.29009.5
MinimumVisualStudioVersion = 10.0.40219.1
Project("{FAE04EC0-301F-11D3-BF4B-00C04F79EFBC}") = "DataHandling", "DataHandling.csproj", "{0F35435F-F180-4B8D-A6AD-71E84AEBBBA3}"
EndProject
Global
	GlobalSection(SolutionConfigurationPlatforms) = preSolution
		Debug|Any CPU = Debug|Any CPU
		Release|Any CPU = Release|Any CPU
	EndGlobalSection
	GlobalSection(ProjectConfigurationPlatforms) = postSolution
		{0F35435F-F180-4B8D-A6AD-71E84AEBBBA3}.Debug|Any CPU.ActiveCfg = Debug|Any CPU
		{0F35435F-F180-4B8D-A6AD-71E84AEBBBA3}.Debug|Any CPU.Build.0 = Debug|Any CPU
		{0F35435F-F180-4B8D-A6AD-71E84AEBBBA3}.Release|Any CPU.ActiveCfg = Release|Any CPU
		{0F35435F-F180-4B8D-A6AD-71E84AEBBBA3}.Release|Any CPU.Build.0 = Release|Any CPU
	EndGlobalSection
	GlobalSection(SolutionProperties) = preSolution
		HideSolutionNode = FALSE
	EndGlobalSection
	GlobalSection(ExtensibilityGlobals) = postSolution
		SolutionGuid = {8614645E-9EF4-4F61-9B08-58ECCA786FC3}
	EndGlobalSection
EndGlobal
